// !$*UTF8*$!
{
	archiveVersion = 1;
	classes = {
	};
	objectVersion = 46;
	objects = {

/* Begin PBXBuildFile section */
		41A0792C1E9E93F8000AE7C5 /* AppDelegate.swift in Sources */ = {isa = PBXBuildFile; fileRef = 41A0792B1E9E93F8000AE7C5 /* AppDelegate.swift */; };
		41A0792E1E9E93F8000AE7C5 /* ViewController.swift in Sources */ = {isa = PBXBuildFile; fileRef = 41A0792D1E9E93F8000AE7C5 /* ViewController.swift */; };
		41A079311E9E93F8000AE7C5 /* Main.storyboard in Resources */ = {isa = PBXBuildFile; fileRef = 41A0792F1E9E93F8000AE7C5 /* Main.storyboard */; };
		41A079331E9E93F8000AE7C5 /* Assets.xcassets in Resources */ = {isa = PBXBuildFile; fileRef = 41A079321E9E93F8000AE7C5 /* Assets.xcassets */; };
		41A079361E9E93F8000AE7C5 /* LaunchScreen.storyboard in Resources */ = {isa = PBXBuildFile; fileRef = 41A079341E9E93F8000AE7C5 /* LaunchScreen.storyboard */; };
<<<<<<< HEAD
		41B245581EA0A5D0003BC8F5 /* Profile.png in Resources */ = {isa = PBXBuildFile; fileRef = 41B245571EA0A5D0003BC8F5 /* Profile.png */; };
		41B2455A1EA0A5D5003BC8F5 /* LoginPage.png in Resources */ = {isa = PBXBuildFile; fileRef = 41B245591EA0A5D5003BC8F5 /* LoginPage.png */; };
=======
		41A0793E1E9E97B7000AE7C5 /* Login.png in Resources */ = {isa = PBXBuildFile; fileRef = 41A0793D1E9E97B7000AE7C5 /* Login.png */; };
		E7A6CCD2918349A6E1EB21D4 /* Pods_Pronzo.framework in Frameworks */ = {isa = PBXBuildFile; fileRef = B42AE6CBFA4E8CD3F1A16FF4 /* Pods_Pronzo.framework */; };
>>>>>>> 4d7443c4c1716f66a71e3816aa2b011d33bf7b4a
/* End PBXBuildFile section */

/* Begin PBXFileReference section */
		41A079281E9E93F8000AE7C5 /* Pronzo.app */ = {isa = PBXFileReference; explicitFileType = wrapper.application; includeInIndex = 0; path = Pronzo.app; sourceTree = BUILT_PRODUCTS_DIR; };
		41A0792B1E9E93F8000AE7C5 /* AppDelegate.swift */ = {isa = PBXFileReference; lastKnownFileType = sourcecode.swift; path = AppDelegate.swift; sourceTree = "<group>"; };
		41A0792D1E9E93F8000AE7C5 /* ViewController.swift */ = {isa = PBXFileReference; lastKnownFileType = sourcecode.swift; path = ViewController.swift; sourceTree = "<group>"; };
		41A079301E9E93F8000AE7C5 /* Base */ = {isa = PBXFileReference; lastKnownFileType = file.storyboard; name = Base; path = Base.lproj/Main.storyboard; sourceTree = "<group>"; };
		41A079321E9E93F8000AE7C5 /* Assets.xcassets */ = {isa = PBXFileReference; lastKnownFileType = folder.assetcatalog; path = Assets.xcassets; sourceTree = "<group>"; };
		41A079351E9E93F8000AE7C5 /* Base */ = {isa = PBXFileReference; lastKnownFileType = file.storyboard; name = Base; path = Base.lproj/LaunchScreen.storyboard; sourceTree = "<group>"; };
		41A079371E9E93F8000AE7C5 /* Info.plist */ = {isa = PBXFileReference; lastKnownFileType = text.plist.xml; path = Info.plist; sourceTree = "<group>"; };
<<<<<<< HEAD
		41B245571EA0A5D0003BC8F5 /* Profile.png */ = {isa = PBXFileReference; lastKnownFileType = image.png; path = Profile.png; sourceTree = "<group>"; };
		41B245591EA0A5D5003BC8F5 /* LoginPage.png */ = {isa = PBXFileReference; lastKnownFileType = image.png; path = LoginPage.png; sourceTree = "<group>"; };
=======
		41A0793D1E9E97B7000AE7C5 /* Login.png */ = {isa = PBXFileReference; lastKnownFileType = image.png; path = Login.png; sourceTree = "<group>"; };
		6F555E037C1827B8329D4351 /* Pods-Pronzo.debug.xcconfig */ = {isa = PBXFileReference; includeInIndex = 1; lastKnownFileType = text.xcconfig; name = "Pods-Pronzo.debug.xcconfig"; path = "Pods/Target Support Files/Pods-Pronzo/Pods-Pronzo.debug.xcconfig"; sourceTree = "<group>"; };
		B42AE6CBFA4E8CD3F1A16FF4 /* Pods_Pronzo.framework */ = {isa = PBXFileReference; explicitFileType = wrapper.framework; includeInIndex = 0; path = Pods_Pronzo.framework; sourceTree = BUILT_PRODUCTS_DIR; };
		B6F53C8ACA97FCF14F2BA1A4 /* Pods-Pronzo.release.xcconfig */ = {isa = PBXFileReference; includeInIndex = 1; lastKnownFileType = text.xcconfig; name = "Pods-Pronzo.release.xcconfig"; path = "Pods/Target Support Files/Pods-Pronzo/Pods-Pronzo.release.xcconfig"; sourceTree = "<group>"; };
>>>>>>> 4d7443c4c1716f66a71e3816aa2b011d33bf7b4a
/* End PBXFileReference section */

/* Begin PBXFrameworksBuildPhase section */
		41A079251E9E93F8000AE7C5 /* Frameworks */ = {
			isa = PBXFrameworksBuildPhase;
			buildActionMask = 2147483647;
			files = (
				E7A6CCD2918349A6E1EB21D4 /* Pods_Pronzo.framework in Frameworks */,
			);
			runOnlyForDeploymentPostprocessing = 0;
		};
/* End PBXFrameworksBuildPhase section */

/* Begin PBXGroup section */
		02A25B07E96B53E7A2883E1A /* Pods */ = {
			isa = PBXGroup;
			children = (
				6F555E037C1827B8329D4351 /* Pods-Pronzo.debug.xcconfig */,
				B6F53C8ACA97FCF14F2BA1A4 /* Pods-Pronzo.release.xcconfig */,
			);
			name = Pods;
			sourceTree = "<group>";
		};
		41A0791F1E9E93F8000AE7C5 = {
			isa = PBXGroup;
			children = (
				41A0792A1E9E93F8000AE7C5 /* Pronzo */,
				41A079291E9E93F8000AE7C5 /* Products */,
<<<<<<< HEAD
				41B245571EA0A5D0003BC8F5 /* Profile.png */,
				41B245591EA0A5D5003BC8F5 /* LoginPage.png */,
=======
				41A0793D1E9E97B7000AE7C5 /* Login.png */,
				02A25B07E96B53E7A2883E1A /* Pods */,
				86B37875ABC289F3A6987A1E /* Frameworks */,
>>>>>>> 4d7443c4c1716f66a71e3816aa2b011d33bf7b4a
			);
			sourceTree = "<group>";
		};
		41A079291E9E93F8000AE7C5 /* Products */ = {
			isa = PBXGroup;
			children = (
				41A079281E9E93F8000AE7C5 /* Pronzo.app */,
			);
			name = Products;
			sourceTree = "<group>";
		};
		41A0792A1E9E93F8000AE7C5 /* Pronzo */ = {
			isa = PBXGroup;
			children = (
				41A0792B1E9E93F8000AE7C5 /* AppDelegate.swift */,
				41A0792D1E9E93F8000AE7C5 /* ViewController.swift */,
				41A0792F1E9E93F8000AE7C5 /* Main.storyboard */,
				41A079321E9E93F8000AE7C5 /* Assets.xcassets */,
				41A079341E9E93F8000AE7C5 /* LaunchScreen.storyboard */,
				41A079371E9E93F8000AE7C5 /* Info.plist */,
			);
			path = Pronzo;
			sourceTree = "<group>";
		};
		86B37875ABC289F3A6987A1E /* Frameworks */ = {
			isa = PBXGroup;
			children = (
				B42AE6CBFA4E8CD3F1A16FF4 /* Pods_Pronzo.framework */,
			);
			name = Frameworks;
			sourceTree = "<group>";
		};
/* End PBXGroup section */

/* Begin PBXNativeTarget section */
		41A079271E9E93F8000AE7C5 /* Pronzo */ = {
			isa = PBXNativeTarget;
			buildConfigurationList = 41A0793A1E9E93F8000AE7C5 /* Build configuration list for PBXNativeTarget "Pronzo" */;
			buildPhases = (
				997A8DE8FB6CA219A3ED41C8 /* [CP] Check Pods Manifest.lock */,
				41A079241E9E93F8000AE7C5 /* Sources */,
				41A079251E9E93F8000AE7C5 /* Frameworks */,
				41A079261E9E93F8000AE7C5 /* Resources */,
				A23BE70CABDDC22DC60FF3BA /* [CP] Embed Pods Frameworks */,
				8FF3D21C031E81E757D4FE87 /* [CP] Copy Pods Resources */,
			);
			buildRules = (
			);
			dependencies = (
			);
			name = Pronzo;
			productName = Pronzo;
			productReference = 41A079281E9E93F8000AE7C5 /* Pronzo.app */;
			productType = "com.apple.product-type.application";
		};
/* End PBXNativeTarget section */

/* Begin PBXProject section */
		41A079201E9E93F8000AE7C5 /* Project object */ = {
			isa = PBXProject;
			attributes = {
				LastSwiftUpdateCheck = 0830;
				LastUpgradeCheck = 0830;
				ORGANIZATIONNAME = com.example;
				TargetAttributes = {
					41A079271E9E93F8000AE7C5 = {
						CreatedOnToolsVersion = 8.3.1;
						DevelopmentTeam = 43HU88M9RT;
						ProvisioningStyle = Automatic;
					};
				};
			};
			buildConfigurationList = 41A079231E9E93F8000AE7C5 /* Build configuration list for PBXProject "Pronzo" */;
			compatibilityVersion = "Xcode 3.2";
			developmentRegion = English;
			hasScannedForEncodings = 0;
			knownRegions = (
				en,
				Base,
			);
			mainGroup = 41A0791F1E9E93F8000AE7C5;
			productRefGroup = 41A079291E9E93F8000AE7C5 /* Products */;
			projectDirPath = "";
			projectRoot = "";
			targets = (
				41A079271E9E93F8000AE7C5 /* Pronzo */,
			);
		};
/* End PBXProject section */

/* Begin PBXResourcesBuildPhase section */
		41A079261E9E93F8000AE7C5 /* Resources */ = {
			isa = PBXResourcesBuildPhase;
			buildActionMask = 2147483647;
			files = (
				41A079361E9E93F8000AE7C5 /* LaunchScreen.storyboard in Resources */,
				41B2455A1EA0A5D5003BC8F5 /* LoginPage.png in Resources */,
				41A079331E9E93F8000AE7C5 /* Assets.xcassets in Resources */,
				41A079311E9E93F8000AE7C5 /* Main.storyboard in Resources */,
				41B245581EA0A5D0003BC8F5 /* Profile.png in Resources */,
			);
			runOnlyForDeploymentPostprocessing = 0;
		};
/* End PBXResourcesBuildPhase section */

/* Begin PBXShellScriptBuildPhase section */
		8FF3D21C031E81E757D4FE87 /* [CP] Copy Pods Resources */ = {
			isa = PBXShellScriptBuildPhase;
			buildActionMask = 2147483647;
			files = (
			);
			inputPaths = (
			);
			name = "[CP] Copy Pods Resources";
			outputPaths = (
			);
			runOnlyForDeploymentPostprocessing = 0;
			shellPath = /bin/sh;
			shellScript = "\"${SRCROOT}/Pods/Target Support Files/Pods-Pronzo/Pods-Pronzo-resources.sh\"\n";
			showEnvVarsInLog = 0;
		};
		997A8DE8FB6CA219A3ED41C8 /* [CP] Check Pods Manifest.lock */ = {
			isa = PBXShellScriptBuildPhase;
			buildActionMask = 2147483647;
			files = (
			);
			inputPaths = (
			);
			name = "[CP] Check Pods Manifest.lock";
			outputPaths = (
			);
			runOnlyForDeploymentPostprocessing = 0;
			shellPath = /bin/sh;
			shellScript = "diff \"${PODS_PODFILE_DIR_PATH}/Podfile.lock\" \"${PODS_ROOT}/Manifest.lock\" > /dev/null\nif [ $? != 0 ] ; then\n    # print error to STDERR\n    echo \"error: The sandbox is not in sync with the Podfile.lock. Run 'pod install' or update your CocoaPods installation.\" >&2\n    exit 1\nfi\n";
			showEnvVarsInLog = 0;
		};
		A23BE70CABDDC22DC60FF3BA /* [CP] Embed Pods Frameworks */ = {
			isa = PBXShellScriptBuildPhase;
			buildActionMask = 2147483647;
			files = (
			);
			inputPaths = (
			);
			name = "[CP] Embed Pods Frameworks";
			outputPaths = (
			);
			runOnlyForDeploymentPostprocessing = 0;
			shellPath = /bin/sh;
			shellScript = "\"${SRCROOT}/Pods/Target Support Files/Pods-Pronzo/Pods-Pronzo-frameworks.sh\"\n";
			showEnvVarsInLog = 0;
		};
/* End PBXShellScriptBuildPhase section */

/* Begin PBXSourcesBuildPhase section */
		41A079241E9E93F8000AE7C5 /* Sources */ = {
			isa = PBXSourcesBuildPhase;
			buildActionMask = 2147483647;
			files = (
				41A0792E1E9E93F8000AE7C5 /* ViewController.swift in Sources */,
				41A0792C1E9E93F8000AE7C5 /* AppDelegate.swift in Sources */,
			);
			runOnlyForDeploymentPostprocessing = 0;
		};
/* End PBXSourcesBuildPhase section */

/* Begin PBXVariantGroup section */
		41A0792F1E9E93F8000AE7C5 /* Main.storyboard */ = {
			isa = PBXVariantGroup;
			children = (
				41A079301E9E93F8000AE7C5 /* Base */,
			);
			name = Main.storyboard;
			sourceTree = "<group>";
		};
		41A079341E9E93F8000AE7C5 /* LaunchScreen.storyboard */ = {
			isa = PBXVariantGroup;
			children = (
				41A079351E9E93F8000AE7C5 /* Base */,
			);
			name = LaunchScreen.storyboard;
			sourceTree = "<group>";
		};
/* End PBXVariantGroup section */

/* Begin XCBuildConfiguration section */
		41A079381E9E93F8000AE7C5 /* Debug */ = {
			isa = XCBuildConfiguration;
			buildSettings = {
				ALWAYS_SEARCH_USER_PATHS = NO;
				CLANG_ANALYZER_NONNULL = YES;
				CLANG_ANALYZER_NUMBER_OBJECT_CONVERSION = YES_AGGRESSIVE;
				CLANG_CXX_LANGUAGE_STANDARD = "gnu++0x";
				CLANG_CXX_LIBRARY = "libc++";
				CLANG_ENABLE_MODULES = YES;
				CLANG_ENABLE_OBJC_ARC = YES;
				CLANG_WARN_BOOL_CONVERSION = YES;
				CLANG_WARN_CONSTANT_CONVERSION = YES;
				CLANG_WARN_DIRECT_OBJC_ISA_USAGE = YES_ERROR;
				CLANG_WARN_DOCUMENTATION_COMMENTS = YES;
				CLANG_WARN_EMPTY_BODY = YES;
				CLANG_WARN_ENUM_CONVERSION = YES;
				CLANG_WARN_INFINITE_RECURSION = YES;
				CLANG_WARN_INT_CONVERSION = YES;
				CLANG_WARN_OBJC_ROOT_CLASS = YES_ERROR;
				CLANG_WARN_SUSPICIOUS_MOVE = YES;
				CLANG_WARN_UNREACHABLE_CODE = YES;
				CLANG_WARN__DUPLICATE_METHOD_MATCH = YES;
				"CODE_SIGN_IDENTITY[sdk=iphoneos*]" = "iPhone Developer";
				COPY_PHASE_STRIP = NO;
				DEBUG_INFORMATION_FORMAT = dwarf;
				ENABLE_STRICT_OBJC_MSGSEND = YES;
				ENABLE_TESTABILITY = YES;
				GCC_C_LANGUAGE_STANDARD = gnu99;
				GCC_DYNAMIC_NO_PIC = NO;
				GCC_NO_COMMON_BLOCKS = YES;
				GCC_OPTIMIZATION_LEVEL = 0;
				GCC_PREPROCESSOR_DEFINITIONS = (
					"DEBUG=1",
					"$(inherited)",
				);
				GCC_WARN_64_TO_32_BIT_CONVERSION = YES;
				GCC_WARN_ABOUT_RETURN_TYPE = YES_ERROR;
				GCC_WARN_UNDECLARED_SELECTOR = YES;
				GCC_WARN_UNINITIALIZED_AUTOS = YES_AGGRESSIVE;
				GCC_WARN_UNUSED_FUNCTION = YES;
				GCC_WARN_UNUSED_VARIABLE = YES;
				IPHONEOS_DEPLOYMENT_TARGET = 10.3;
				MTL_ENABLE_DEBUG_INFO = YES;
				ONLY_ACTIVE_ARCH = YES;
				SDKROOT = iphoneos;
				SWIFT_ACTIVE_COMPILATION_CONDITIONS = DEBUG;
				SWIFT_OPTIMIZATION_LEVEL = "-Onone";
			};
			name = Debug;
		};
		41A079391E9E93F8000AE7C5 /* Release */ = {
			isa = XCBuildConfiguration;
			buildSettings = {
				ALWAYS_SEARCH_USER_PATHS = NO;
				CLANG_ANALYZER_NONNULL = YES;
				CLANG_ANALYZER_NUMBER_OBJECT_CONVERSION = YES_AGGRESSIVE;
				CLANG_CXX_LANGUAGE_STANDARD = "gnu++0x";
				CLANG_CXX_LIBRARY = "libc++";
				CLANG_ENABLE_MODULES = YES;
				CLANG_ENABLE_OBJC_ARC = YES;
				CLANG_WARN_BOOL_CONVERSION = YES;
				CLANG_WARN_CONSTANT_CONVERSION = YES;
				CLANG_WARN_DIRECT_OBJC_ISA_USAGE = YES_ERROR;
				CLANG_WARN_DOCUMENTATION_COMMENTS = YES;
				CLANG_WARN_EMPTY_BODY = YES;
				CLANG_WARN_ENUM_CONVERSION = YES;
				CLANG_WARN_INFINITE_RECURSION = YES;
				CLANG_WARN_INT_CONVERSION = YES;
				CLANG_WARN_OBJC_ROOT_CLASS = YES_ERROR;
				CLANG_WARN_SUSPICIOUS_MOVE = YES;
				CLANG_WARN_UNREACHABLE_CODE = YES;
				CLANG_WARN__DUPLICATE_METHOD_MATCH = YES;
				"CODE_SIGN_IDENTITY[sdk=iphoneos*]" = "iPhone Developer";
				COPY_PHASE_STRIP = NO;
				DEBUG_INFORMATION_FORMAT = "dwarf-with-dsym";
				ENABLE_NS_ASSERTIONS = NO;
				ENABLE_STRICT_OBJC_MSGSEND = YES;
				GCC_C_LANGUAGE_STANDARD = gnu99;
				GCC_NO_COMMON_BLOCKS = YES;
				GCC_WARN_64_TO_32_BIT_CONVERSION = YES;
				GCC_WARN_ABOUT_RETURN_TYPE = YES_ERROR;
				GCC_WARN_UNDECLARED_SELECTOR = YES;
				GCC_WARN_UNINITIALIZED_AUTOS = YES_AGGRESSIVE;
				GCC_WARN_UNUSED_FUNCTION = YES;
				GCC_WARN_UNUSED_VARIABLE = YES;
				IPHONEOS_DEPLOYMENT_TARGET = 10.3;
				MTL_ENABLE_DEBUG_INFO = NO;
				SDKROOT = iphoneos;
				SWIFT_OPTIMIZATION_LEVEL = "-Owholemodule";
				VALIDATE_PRODUCT = YES;
			};
			name = Release;
		};
		41A0793B1E9E93F8000AE7C5 /* Debug */ = {
			isa = XCBuildConfiguration;
			baseConfigurationReference = 6F555E037C1827B8329D4351 /* Pods-Pronzo.debug.xcconfig */;
			buildSettings = {
				ASSETCATALOG_COMPILER_APPICON_NAME = AppIcon;
				DEVELOPMENT_TEAM = 43HU88M9RT;
				INFOPLIST_FILE = Pronzo/Info.plist;
				LD_RUNPATH_SEARCH_PATHS = "$(inherited) @executable_path/Frameworks";
				PRODUCT_BUNDLE_IDENTIFIER = com.cmps115.Pronzo;
				PRODUCT_NAME = "$(TARGET_NAME)";
				SWIFT_VERSION = 3.0;
			};
			name = Debug;
		};
		41A0793C1E9E93F8000AE7C5 /* Release */ = {
			isa = XCBuildConfiguration;
			baseConfigurationReference = B6F53C8ACA97FCF14F2BA1A4 /* Pods-Pronzo.release.xcconfig */;
			buildSettings = {
				ASSETCATALOG_COMPILER_APPICON_NAME = AppIcon;
				DEVELOPMENT_TEAM = 43HU88M9RT;
				INFOPLIST_FILE = Pronzo/Info.plist;
				LD_RUNPATH_SEARCH_PATHS = "$(inherited) @executable_path/Frameworks";
				PRODUCT_BUNDLE_IDENTIFIER = com.cmps115.Pronzo;
				PRODUCT_NAME = "$(TARGET_NAME)";
				SWIFT_VERSION = 3.0;
			};
			name = Release;
		};
/* End XCBuildConfiguration section */

/* Begin XCConfigurationList section */
		41A079231E9E93F8000AE7C5 /* Build configuration list for PBXProject "Pronzo" */ = {
			isa = XCConfigurationList;
			buildConfigurations = (
				41A079381E9E93F8000AE7C5 /* Debug */,
				41A079391E9E93F8000AE7C5 /* Release */,
			);
			defaultConfigurationIsVisible = 0;
			defaultConfigurationName = Release;
		};
		41A0793A1E9E93F8000AE7C5 /* Build configuration list for PBXNativeTarget "Pronzo" */ = {
			isa = XCConfigurationList;
			buildConfigurations = (
				41A0793B1E9E93F8000AE7C5 /* Debug */,
				41A0793C1E9E93F8000AE7C5 /* Release */,
			);
			defaultConfigurationIsVisible = 0;
			defaultConfigurationName = Release;
		};
/* End XCConfigurationList section */
	};
	rootObject = 41A079201E9E93F8000AE7C5 /* Project object */;
}
